
Microsoft Visual Studio Solution File, Format Version 12.00
# Visual Studio 2012
Project("{FAE04EC0-301F-11D3-BF4B-00C04F79EFBC}") = "asp-dota", "asp-dota\asp-dota.csproj", "{F793A26F-AAF4-48A0-8D4F-6E1E2F3DE819}"
EndProject
Global
	GlobalSection(SolutionConfigurationPlatforms) = preSolution
		Debug|Any CPU = Debug|Any CPU
		Release|Any CPU = Release|Any CPU
	EndGlobalSection
	GlobalSection(ProjectConfigurationPlatforms) = postSolution
		{F793A26F-AAF4-48A0-8D4F-6E1E2F3DE819}.Debug|Any CPU.ActiveCfg = Debug|Any CPU
		{F793A26F-AAF4-48A0-8D4F-6E1E2F3DE819}.Debug|Any CPU.Build.0 = Debug|Any CPU
		{F793A26F-AAF4-48A0-8D4F-6E1E2F3DE819}.Release|Any CPU.ActiveCfg = Release|Any CPU
		{F793A26F-AAF4-48A0-8D4F-6E1E2F3DE819}.Release|Any CPU.Build.0 = Release|Any CPU
	EndGlobalSection
EndGlobal
